{
  "version": 1,
  "dependencies": {
    "net10.0": {
      "Serilog.AspNetCore": {
        "type": "Direct",
        "requested": "[10.*, )",
        "resolved": "10.0.0",
        "contentHash": "a/cNa1mY4On1oJlfGG1wAvxjp5g7OEzk/Jf/nm7NF9cWoE7KlZw1GldrifUBWm9oKibHkR7Lg/l5jy3y7ACR8w==",
        "dependencies": {
          "Serilog": "4.3.0",
          "Serilog.Extensions.Hosting": "10.0.0",
          "Serilog.Formatting.Compact": "3.0.0",
          "Serilog.Settings.Configuration": "10.0.0",
          "Serilog.Sinks.Console": "6.1.1",
          "Serilog.Sinks.Debug": "3.0.0",
          "Serilog.Sinks.File": "7.0.0"
        }
      },
      "Swashbuckle.AspNetCore": {
        "type": "Direct",
        "requested": "[10.*, )",
        "resolved": "10.1.7",
        "contentHash": "vgef8DPT411JU5JjHiDbr0WOxsIVuAvegPGtqmm4Na4JRl/264dfBJcGkiPHsAr5P+Vda+qN1rZKRtBl1rF9aA==",
        "dependencies": {
          "Microsoft.Extensions.ApiDescription.Server": "10.0.0",
          "Swashbuckle.AspNetCore.Swagger": "10.1.7",
          "Swashbuckle.AspNetCore.SwaggerGen": "10.1.7",
          "Swashbuckle.AspNetCore.SwaggerUI": "10.1.7"
        }
      },
      "AngleSharp": {
        "type": "Transitive",
        "resolved": "1.4.0",
        "contentHash": "6ph8mpaQx0KL0COYRt0kI8MB9gSp1PtKijKMhJU//+aVFgKAJLKDesG/+26JSaVCOrHNgPf12wpfoyRcMYOeXg=="
      },
      "FuzzySharp": {
        "type": "Transitive",
        "resolved": "2.0.2",
        "contentHash": "sBKqWxw3g//peYxDZ8JipRlyPbIyBtgzqBVA5GqwHVeqtIrw75maGXAllztf+1aJhchD+drcQIgf2mFho8ZV8A=="
      },
      "Microsoft.Data.Sqlite.Core": {
        "type": "Transitive",
        "resolved": "10.0.8",
        "contentHash": "26t7WDiEjjAls/sFpWvVEFDxt+7Q5VPt6+blU2Lafuj9L8PzAv/GtGV4cqVPtrhWbfD2BX/z2v8hD1qXYtK6Aw==",
        "dependencies": {
          "SQLitePCLRaw.core": "2.1.11"
        }
      },
      "Microsoft.EntityFrameworkCore": {
        "type": "Transitive",
        "resolved": "10.0.8",
        "contentHash": "EJx+fIBMgBlgD+ublKCn+GTOJkw3UqV7xOjYWBRVdUYyIm8UfvAsmSOPFiIInsWTHyMEYUJ9gCJY1jwX+6UB7w==",
        "dependencies": {
          "Microsoft.EntityFrameworkCore.Abstractions": "10.0.8",
          "Microsoft.EntityFrameworkCore.Analyzers": "10.0.8"
        }
      },
      "Microsoft.EntityFrameworkCore.Abstractions": {
        "type": "Transitive",
        "resolved": "10.0.8",
        "contentHash": "jbKDXWPZQhuPHygMnwzNOqxBADVcpRVytcKYZsA++QqhPkpF93Ta8o5mbJQGrARSjlkr9WtOaADV97EDMOZ7DA=="
      },
      "Microsoft.EntityFrameworkCore.Analyzers": {
        "type": "Transitive",
        "resolved": "10.0.8",
        "contentHash": "M3BZ8JH8rB6BE7dO2g9iVbrHLnEz9wMXT6q+tDR6Nq3gyP3KmBj5OTiZGxyF3vesjOQNKanYoPGSNBR4kR2llg=="
      },
      "Microsoft.EntityFrameworkCore.Relational": {
        "type": "Transitive",
        "resolved": "10.0.8",
        "contentHash": "UU3diAD2wwZveye2rnrwaF/wvJ9tm5iL2fuY9TTap6/iGQK1OO29M1BzXZRlRPVH/dByt5w/pISBSFtyR7hTqw==",
        "dependencies": {
          "Microsoft.EntityFrameworkCore": "10.0.8"
        }
      },
      "Microsoft.EntityFrameworkCore.Sqlite": {
        "type": "Transitive",
        "resolved": "10.0.8",
        "contentHash": "8BGSSKBDDBC8s6ye1Y2Ar1BToeZHLHOzUn0nAOng4Z+8dJ4KQKC/1qYFPgRYchDCOMQh98REHco8SrrMYsHuMQ==",
        "dependencies": {
          "Microsoft.EntityFrameworkCore.Sqlite.Core": "10.0.8",
          "Microsoft.Extensions.DependencyModel": "10.0.8",
          "SQLitePCLRaw.bundle_e_sqlite3": "2.1.11",
          "SQLitePCLRaw.core": "2.1.11"
        }
      },
      "Microsoft.EntityFrameworkCore.Sqlite.Core": {
        "type": "Transitive",
        "resolved": "10.0.8",
        "contentHash": "cFRBlY3sCoVX5JFDrRHQQHcbSms7CwBjjeuVEgQ4KP8WzPopgwNk3sJ0k7xKkIl0b9eUFJ0IR0aZwElT9154Ag==",
        "dependencies": {
          "Microsoft.Data.Sqlite.Core": "10.0.8",
          "Microsoft.EntityFrameworkCore.Relational": "10.0.8",
          "Microsoft.Extensions.DependencyModel": "10.0.8",
          "SQLitePCLRaw.core": "2.1.11"
        }
      },
      "Microsoft.Extensions.AmbientMetadata.Application": {
        "type": "Transitive",
        "resolved": "10.6.0",
        "contentHash": "MPAI1c5QqkDgEyEvsSj7KPPWHlTCqvXxtfp7JISul4P54GfDkSs+S7Vyq7tmS7MzpEjuH/6xrsFlUqAPlLyTUA=="
      },
      "Microsoft.Extensions.ApiDescription.Server": {
        "type": "Transitive",
        "resolved": "10.0.0",
        "contentHash": "NCWCGiwRwje8773yzPQhvucYnnfeR+ZoB1VRIrIMp4uaeUNw7jvEPHij3HIbwCDuNCrNcphA00KSAR9yD9qmbg=="
      },
      "Microsoft.Extensions.Compliance.Abstractions": {
        "type": "Transitive",
        "resolved": "10.6.0",
        "contentHash": "L8zTKn8e2LCQbsDFLWFm6fZQ54F/1FisLx43nkEof4HmmsO2HaZHshV85+qF8HXO48MlGJdrWUg+uVBj/WDmmw=="
      },
      "Microsoft.Extensions.DependencyInjection.AutoActivation": {
        "type": "Transitive",
        "resolved": "10.6.0",
        "contentHash": "FoX/prFoqjogPV1DleOnakFM9yzu8m4dK8Z0d9f8pPTf00PkEvd2Vulncijd/rykUX3aXERMMxsX6c/9QSAOaA=="
      },
      "Microsoft.Extensions.DependencyModel": {
        "type": "Transitive",
        "resolved": "10.0.8",
        "contentHash": "vLyZVpxmduO2jx+76ggqnsA3m81kwMY3NkWciNTj5E+Nvqb0VihqCvQP89QsGONWp0AJwMZG+u9GzaCjDdFGNw=="
      },
      "Microsoft.Extensions.Diagnostics.ExceptionSummarization": {
        "type": "Transitive",
        "resolved": "10.6.0",
        "contentHash": "dpkWVFSg8JT1BBL33+lF3pY52En3y8qoHvtc5esMx8TVrxRXuzqIjca6MqyODpGfg5/NK4bpOYZDYBOAr8PSrA=="
      },
      "Microsoft.Extensions.Http.Diagnostics": {
        "type": "Transitive",
        "resolved": "10.6.0",
        "contentHash": "p7nJYUYk5M0k1bWeRYQr/6k5KO2XpmUIIHgmlFZGirZJxXEShSz66Q5OX2Y8Yfaz9bIhSNqAbnn5B3zhNR2Sxg==",
        "dependencies": {
          "Microsoft.Extensions.Telemetry": "10.6.0"
        }
      },
      "Microsoft.Extensions.Http.Resilience": {
        "type": "Transitive",
        "resolved": "10.6.0",
        "contentHash": "Diw9HdFABHx0EQTjfanXKuV6zSEyHEEH11ZGdsNxNf/3gsLEiBPXUximDG0EwYt1iIalH0JFlI1DXqpE4VjDpQ==",
        "dependencies": {
          "Microsoft.Extensions.Http.Diagnostics": "10.6.0",
          "Microsoft.Extensions.Resilience": "10.6.0"
        }
      },
      "Microsoft.Extensions.Resilience": {
        "type": "Transitive",
        "resolved": "10.6.0",
        "contentHash": "n3ARODKBYCZAJEaDiWqXQnrjh9FXBs1yTwmWUUNgvLdJmLo/MTtz60M2t1By1jIt+I3u82/W4L5xJy8abzPUyw==",
        "dependencies": {
          "Microsoft.Extensions.Diagnostics.ExceptionSummarization": "10.6.0",
          "Microsoft.Extensions.Telemetry.Abstractions": "10.6.0",
          "Polly.Extensions": "8.4.2",
          "Polly.RateLimiting": "8.4.2"
        }
      },
      "Microsoft.Extensions.ServiceDiscovery": {
        "type": "Transitive",
        "resolved": "10.6.0",
        "contentHash": "G0FmQN28AgUQP7KMKihIOgcxtrXPXEan2kWdabOOtC6Yod8Wjlb8WujjrDwYCOOO6pm0WNtbMdfEjAXU4HhU6A==",
        "dependencies": {
          "Microsoft.Extensions.ServiceDiscovery.Abstractions": "10.6.0"
        }
      },
      "Microsoft.Extensions.ServiceDiscovery.Abstractions": {
        "type": "Transitive",
        "resolved": "10.6.0",
        "contentHash": "zD6cX/qP0wR9LONlwS+dPBv9N6rs0eGm/pPNPeqy3LGKmgODDG1AmvK4Q0Aa6CWDq5SGlSuO3bJOonnJ7+Z1qQ=="
      },
      "Microsoft.Extensions.Telemetry": {
        "type": "Transitive",
        "resolved": "10.6.0",
        "contentHash": "wbcC4zPaEGG53znXd4VDw3ZGITX352q80oW1iyK8rOGaJNof1zimVfZjn6E/Glw0ttZoiyHN0wf8b4KRk/rMAw==",
        "dependencies": {
          "Microsoft.Extensions.AmbientMetadata.Application": "10.6.0",
          "Microsoft.Extensions.DependencyInjection.AutoActivation": "10.6.0",
          "Microsoft.Extensions.Telemetry.Abstractions": "10.6.0"
        }
      },
      "Microsoft.Extensions.Telemetry.Abstractions": {
        "type": "Transitive",
        "resolved": "10.6.0",
        "contentHash": "aNQEJu5DD2YVQEWWmC/ALEiV1Qt400BaDO+SExtfAaGqYaNu/r2sW9xGLuc71fcjbrmzqX8LzNgK5mzjjMW9RQ==",
        "dependencies": {
          "Microsoft.Extensions.Compliance.Abstractions": "10.6.0"
        }
      },
      "Microsoft.OpenApi": {
        "type": "Transitive",
        "resolved": "2.4.1",
        "contentHash": "u7QhXCISMQuab3flasb1hoaiERmUqyWsW7tmQODyILoQ7mJV5IRGM+2KKZYo0QUfC13evEOcHAb6TPWgqEQtrw=="
      },
      "OpenTelemetry": {
        "type": "Transitive",
        "resolved": "1.15.3",
        "contentHash": "N0i6WjPoHPbZyms1ugbDIFAJFuGlpeExJMU/+XSL0lQRUkg/D0utFkDoLXf8Z1km5B+xVZ2GyMXXiX8qdeNmPg==",
        "dependencies": {
          "OpenTelemetry.Api.ProviderBuilderExtensions": "1.15.3"
        }
      },
      "OpenTelemetry.Api": {
        "type": "Transitive",
        "resolved": "1.15.3",
        "contentHash": "fX+fkCysfPut+qCcT3bKqyX4QN9Saf4CgX8HLOHywEVD+Xr7sULtfuypITpoDysjx8R59dn/3mWhgimMH8cm/g=="
      },
      "OpenTelemetry.Api.ProviderBuilderExtensions": {
        "type": "Transitive",
        "resolved": "1.15.3",
        "contentHash": "SYn0lqYDwLMWhv/zlNGsQcl2yX++yTumanX46bmOZE/ZDOd1WjPBO2kZaZgKLEZTZk48pavIFGJ6vOvxXgWVFQ==",
        "dependencies": {
          "OpenTelemetry.Api": "1.15.3"
        }
      },
      "OpenTelemetry.Exporter.OpenTelemetryProtocol": {
        "type": "Transitive",
        "resolved": "1.15.3",
        "contentHash": "FEXJepcseTGbATiCkUfP7ipoFEYYfl/0UmmUwi0KxCPg9PaUA8ab2P1LGopK+/HExasJ1ZutFhZrN6WvUIR23g==",
        "dependencies": {
          "OpenTelemetry": "1.15.3"
        }
      },
      "OpenTelemetry.Extensions.Hosting": {
        "type": "Transitive",
        "resolved": "1.15.3",
        "contentHash": "u8n/W8yIlqv0BXZmvId1iVaeWXG42tGKdTkuLYg5g57Y/r9CeUNzqtrSHNdG5IoO8iPX79w3v+WsbAHgUQbfeg==",
        "dependencies": {
          "OpenTelemetry": "1.15.3"
        }
      },
      "OpenTelemetry.Instrumentation.AspNetCore": {
        "type": "Transitive",
        "resolved": "1.15.2",
        "contentHash": "2nPd7r0ug/gd6/CNFL6Rlu+RSQ9WYGSGHAYQ1ssbSqyzKJpqTunfx2I/1O0WB5k+L0cyXbG4XVZpoSoUc3M7wg==",
        "dependencies": {
          "OpenTelemetry.Api.ProviderBuilderExtensions": "[1.15.3, 2.0.0)"
        }
      },
      "OpenTelemetry.Instrumentation.Http": {
        "type": "Transitive",
        "resolved": "1.15.1",
        "contentHash": "vFO4Fj/dXkoVNGo/nhoGpO2zYQmZwr4jTID7oRGo+XlQ8LqksyZjUXQ4p39RfUvTID7IzzL8Qe71tW7CcAFymA==",
        "dependencies": {
          "OpenTelemetry.Api.ProviderBuilderExtensions": "[1.15.3, 2.0.0)"
        }
      },
      "OpenTelemetry.Instrumentation.Runtime": {
        "type": "Transitive",
        "resolved": "1.15.1",
        "contentHash": "cpPwlUT5HXcLGPaIgsbSy0W9eFYAPGVbTP1p8/uyQ4Osvf5BJuPpEXE7crL09SmEd44r0DGNKDtsqxaAz0HxQw==",
        "dependencies": {
          "OpenTelemetry.Api": "[1.15.3, 2.0.0)"
        }
      },
      "Polly": {
        "type": "Transitive",
        "resolved": "8.6.6",
        "contentHash": "czKHYJ6uGowPijuZt4kgF4njfGvWxVZ8mKBcrZ9iEtwDe9HKdF0ug6p6TwUG8EHuuufgbDU//rSBFebt5/0Fyw==",
        "dependencies": {
          "Polly.Core": "8.6.6"
        }
      },
      "Polly.Core": {
        "type": "Transitive",
        "resolved": "8.6.6",
        "contentHash": "lCBL9mmhF9TZxHG3beVRkyjlLohkIC464xIAq7J7Y59C+z42hmsdUaeCKl2SIAYertOUU5TeBXyQDLDQGIKePQ=="
      },
      "Polly.Extensions": {
        "type": "Transitive",
        "resolved": "8.6.6",
        "contentHash": "hUhiTVtJud5PhVmt6bnns164wn5BPLzdzXIu09aZOHf/1NiHYgL+wzpQpvj00Fhcp0OYnFaVMcolMYQjxtVKrg==",
        "dependencies": {
          "Polly.Core": "8.6.6"
        }
      },
      "Polly.RateLimiting": {
        "type": "Transitive",
        "resolved": "8.4.2",
        "contentHash": "ehTImQ/eUyO07VYW2WvwSmU9rRH200SKJ/3jku9rOkyWE0A2JxNFmAVms8dSn49QLSjmjFRRSgfNyOgr/2PSmA==",
        "dependencies": {
          "Polly.Core": "8.4.2"
        }
      },
      "Serilog": {
        "type": "Transitive",
        "resolved": "4.3.0",
        "contentHash": "+cDryFR0GRhsGOnZSKwaDzRRl4MupvJ42FhCE4zhQRVanX0Jpg6WuCBk59OVhVDPmab1bB+nRykAnykYELA9qQ=="
      },
      "Serilog.Extensions.Hosting": {
        "type": "Transitive",
        "resolved": "10.0.0",
        "contentHash": "E7juuIc+gzoGxgzFooFgAV8g9BfiSXNKsUok9NmEpyAXg2odkcPsMa/Yo4axkJRlh0se7mkYQ1GXDaBemR+b6w==",
        "dependencies": {
          "Serilog": "4.3.0",
          "Serilog.Extensions.Logging": "10.0.0"
        }
      },
      "Serilog.Extensions.Logging": {
        "type": "Transitive",
        "resolved": "10.0.0",
        "contentHash": "vx0kABKl2dWbBhhqAfTOk53/i8aV/5VaT3a6il9gn72Wqs2pM7EK2OB6No6xdqK2IaY6Zf9gdjLuK9BVa2rT+Q==",
        "dependencies": {
          "Serilog": "4.2.0"
        }
      },
      "Serilog.Formatting.Compact": {
        "type": "Transitive",
        "resolved": "3.0.0",
        "contentHash": "wQsv14w9cqlfB5FX2MZpNsTawckN4a8dryuNGbebB/3Nh1pXnROHZov3swtu3Nj5oNG7Ba+xdu7Et/ulAUPanQ==",
        "dependencies": {
          "Serilog": "4.0.0"
        }
      },
      "Serilog.Settings.Configuration": {
        "type": "Transitive",
        "resolved": "10.0.0",
        "contentHash": "LNq+ibS1sbhTqPV1FIE69/9AJJbfaOhnaqkzcjFy95o+4U+STsta9mi97f1smgXsWYKICDeGUf8xUGzd/52/uA==",
        "dependencies": {
          "Microsoft.Extensions.DependencyModel": "10.0.0",
          "Serilog": "4.3.0"
        }
      },
      "Serilog.Sinks.Console": {
        "type": "Transitive",
        "resolved": "6.1.1",
        "contentHash": "8jbqgjUyZlfCuSTaJk6lOca465OndqOz3KZP6Cryt/IqZYybyBu7GP0fE/AXBzrrQB3EBmQntBFAvMVz1COvAA==",
        "dependencies": {
          "Serilog": "4.0.0"
        }
      },
      "Serilog.Sinks.Debug": {
        "type": "Transitive",
        "resolved": "3.0.0",
        "contentHash": "4BzXcdrgRX7wde9PmHuYd9U6YqycCC28hhpKonK7hx0wb19eiuRj16fPcPSVp0o/Y1ipJuNLYQ00R3q2Zs8FDA==",
        "dependencies": {
          "Serilog": "4.0.0"
        }
      },
      "Serilog.Sinks.File": {
        "type": "Transitive",
        "resolved": "7.0.0",
        "contentHash": "fKL7mXv7qaiNBUC71ssvn/dU0k9t0o45+qm2XgKAlSt19xF+ijjxyA3R6HmCgfKEKwfcfkwWjayuQtRueZFkYw==",
        "dependencies": {
          "Serilog": "4.2.0"
        }
      },
      "SQLitePCLRaw.bundle_e_sqlite3": {
        "type": "Transitive",
        "resolved": "2.1.11",
        "contentHash": "DC4nA7yWnf4UZdgJDF+9Mus4/cb0Y3Sfgi3gDnAoKNAIBwzkskNAbNbyu+u4atT0ruVlZNJfwZmwiEwE5oz9LQ==",
        "dependencies": {
          "SQLitePCLRaw.lib.e_sqlite3": "2.1.11",
          "SQLitePCLRaw.provider.e_sqlite3": "2.1.11"
        }
      },
      "SQLitePCLRaw.core": {
        "type": "Transitive",
        "resolved": "2.1.11",
        "contentHash": "PK0GLFkfhZzLQeR3PJf71FmhtHox+U3vcY6ZtswoMjrefkB9k6ErNJEnwXqc5KgXDSjige2XXrezqS39gkpQKA=="
      },
      "SQLitePCLRaw.lib.e_sqlite3": {
        "type": "Transitive",
        "resolved": "2.1.11",
        "contentHash": "Ev2ytaXiOlWZ4b3R67GZBsemTINslLD1DCJr2xiacpn4tbapu0Q4dHEzSvZSMnVWeE5nlObU3VZN2p81q3XOYQ=="
      },
      "SQLitePCLRaw.provider.e_sqlite3": {
        "type": "Transitive",
        "resolved": "2.1.11",
        "contentHash": "Y/0ZkR+r0Cg3DQFuCl1RBnv/tmxpIZRU3HUvelPw6MVaKHwYYR8YNvgs0vuNuXCMvlyJ+Fh88U1D4tah1tt6qw==",
        "dependencies": {
          "SQLitePCLRaw.core": "2.1.11"
        }
      },
      "Swashbuckle.AspNetCore.Swagger": {
        "type": "Transitive",
        "resolved": "10.1.7",
        "contentHash": "EjLibt/d/QuRv170GoihTbcPUpgzSFm2WKHhnGJFZQ03JYzfuitsM79azaAR8NBwRunU7yScSX6HRE5JUlrEMQ==",
        "dependencies": {
          "Microsoft.OpenApi": "2.4.1"
        }
      },
      "Swashbuckle.AspNetCore.SwaggerGen": {
        "type": "Transitive",
        "resolved": "10.1.7",
        "contentHash": "PuubO9BjvNn6U3D9kLpuWKY1JtziWw7SsGBq0age1E50uQjQ8Fzl8s0EwzrLfANqYJNgDnJi9l7N1QxcGVB2Zw==",
        "dependencies": {
          "Swashbuckle.AspNetCore.Swagger": "10.1.7"
        }
      },
      "Swashbuckle.AspNetCore.SwaggerUI": {
        "type": "Transitive",
        "resolved": "10.1.7",
        "contentHash": "iJo3ODyUb/M8Vm8AH1r9y9iAba0w95xsCn3zFVl96ISRHbTDWxi+l7oFVCZqUEdjd97B8VMDPnMliWAdomR8uw=="
      },
      "fastguide.core": {
        "type": "Project",
        "dependencies": {
          "FuzzySharp": "[2.*, )"
        }
      },
      "fastguide.infrastructure": {
        "type": "Project",
        "dependencies": {
          "AngleSharp": "[1.*, )",
          "FastGuide.Core": "[1.0.0, )",
          "Microsoft.EntityFrameworkCore": "[10.0.8, )",
          "Microsoft.EntityFrameworkCore.Sqlite": "[10.0.8, )",
          "Polly": "[8.*, )",
          "Polly.Extensions": "[8.*, )",
          "Serilog.Extensions.Logging": "[10.*, )"
        }
      },
      "fastguide.servicedefaults": {
        "type": "Project",
        "dependencies": {
          "Microsoft.Extensions.Http.Resilience": "[10.*, )",
          "Microsoft.Extensions.ServiceDiscovery": "[10.*, )",
          "OpenTelemetry.Exporter.OpenTelemetryProtocol": "[1.15.3, )",
          "OpenTelemetry.Extensions.Hosting": "[1.15.3, )",
          "OpenTelemetry.Instrumentation.AspNetCore": "[1.15.2, )",
          "OpenTelemetry.Instrumentation.Http": "[1.15.1, )",
          "OpenTelemetry.Instrumentation.Runtime": "[1.15.1, )"
        }
      }
    }
  }
}